
Microsoft Visual Studio Solution File, Format Version 12.00
# Visual Studio 2012
Project("{FAE04EC0-301F-11D3-BF4B-00C04F79EFBC}") = "TestFBApp", "TestFBApp\TestFBApp.csproj", "{9F31C178-D2F8-4481-A8F2-9F949453D349}"
EndProject
Project("{FAE04EC0-301F-11D3-BF4B-00C04F79EFBC}") = "TestFBApp.Tests", "TestFBApp.Tests\TestFBApp.Tests.csproj", "{8F21DB38-CF2D-4C51-9172-395A37144176}"
EndProject
Global
	GlobalSection(SolutionConfigurationPlatforms) = preSolution
		Debug|Any CPU = Debug|Any CPU
		Release|Any CPU = Release|Any CPU
	EndGlobalSection
	GlobalSection(ProjectConfigurationPlatforms) = postSolution
		{9F31C178-D2F8-4481-A8F2-9F949453D349}.Debug|Any CPU.ActiveCfg = Debug|Any CPU
		{9F31C178-D2F8-4481-A8F2-9F949453D349}.Debug|Any CPU.Build.0 = Debug|Any CPU
		{9F31C178-D2F8-4481-A8F2-9F949453D349}.Release|Any CPU.ActiveCfg = Release|Any CPU
		{9F31C178-D2F8-4481-A8F2-9F949453D349}.Release|Any CPU.Build.0 = Release|Any CPU
		{8F21DB38-CF2D-4C51-9172-395A37144176}.Debug|Any CPU.ActiveCfg = Debug|Any CPU
		{8F21DB38-CF2D-4C51-9172-395A37144176}.Debug|Any CPU.Build.0 = Debug|Any CPU
		{8F21DB38-CF2D-4C51-9172-395A37144176}.Release|Any CPU.ActiveCfg = Release|Any CPU
		{8F21DB38-CF2D-4C51-9172-395A37144176}.Release|Any CPU.Build.0 = Release|Any CPU
	EndGlobalSection
	GlobalSection(SolutionProperties) = preSolution
		HideSolutionNode = FALSE
	EndGlobalSection
EndGlobal
